# THIS IS AN AUTOGENERATED FILE. DO NOT EDIT THIS FILE DIRECTLY.
# yarn lockfile v1


codemirror-spell-checker@*:
  version "1.1.2"
  resolved "https://registry.yarnpkg.com/codemirror-spell-checker/-/codemirror-spell-checker-1.1.2.tgz#1c660f9089483ccb5113b9ba9ca19c3f4993371e"
  integrity sha1-HGYPkIlIPMtRE7m6nKGcP0mTNx4=
  dependencies:
    typo-js "*"

codemirror@*:
  version "5.63.3"
  resolved "https://registry.yarnpkg.com/codemirror/-/codemirror-5.63.3.tgz#97042a242027fe0c87c09b36bc01931d37b76527"
  integrity sha512-1C+LELr+5grgJYqwZKqxrcbPsHFHapVaVAloBsFBASbpLnQqLw1U8yXJ3gT5D+rhxIiSpo+kTqN+hQ+9ialIXw==

marked@*:
  version "4.0.0"
  resolved "https://registry.yarnpkg.com/marked/-/marked-4.0.0.tgz#fd4ff16f6b99fbe6beb729f2077ea717d0ec4edb"
  integrity sha512-K3C1JvtiXuXVLoxDQEJP4NMLBuThlTkthgUOCzqLghIpHfis1DIZZfPI3o4UgfFpQ0d+JvTql2h+szR9jQ1p1w==

simplemde@^1.11.2:
  version "1.11.2"
  resolved "https://registry.yarnpkg.com/simplemde/-/simplemde-1.11.2.tgz#a23a35d978d2c40ef07dec008c92f070d8e080e3"
  integrity sha1-ojo12XjSxA7wfewAjJLwcNjggOM=
  dependencies:
    codemirror "*"
    codemirror-spell-checker "*"
    marked "*"

typo-js@*:
  version "1.2.1"
  resolved "https://registry.yarnpkg.com/typo-js/-/typo-js-1.2.1.tgz#334a0d8c3f6c56f2f1e15fdf6c31677793cbbe9b"
  integrity sha512-bTGLjbD3WqZDR3CgEFkyi9Q/SS2oM29ipXrWfDb4M74ea69QwKAECVceYpaBu0GfdnASMg9Qfl67ttB23nePHg==
